
Microsoft Visual Studio Solution File, Format Version 12.00
# Visual Studio 15
VisualStudioVersion = 15.0.28307.1259
MinimumVisualStudioVersion = 10.0.40219.1
Project("{FAE04EC0-301F-11D3-BF4B-00C04F79EFBC}") = "csharp_aop_inject", "csharp_aop_inject\csharp_aop_inject.csproj", "{113983EC-DC22-41E0-A447-37703660B914}"
EndProject
Project("{FAE04EC0-301F-11D3-BF4B-00C04F79EFBC}") = "csharp_aop_inject_test2", "csharp_aop_inject_test2\csharp_aop_inject_test2.csproj", "{D8C46D82-6628-4A92-8A3A-02ADD15E56E4}"
EndProject
Project("{FAE04EC0-301F-11D3-BF4B-00C04F79EFBC}") = "csharp_aop_inject_test1", "csharp_aop_inject_test1\csharp_aop_inject_test1.csproj", "{17E9A3F3-4252-4414-ADFF-287524FD63DF}"
EndProject
Global
	GlobalSection(SolutionConfigurationPlatforms) = preSolution
		Debug|Any CPU = Debug|Any CPU
		Release|Any CPU = Release|Any CPU
	EndGlobalSection
	GlobalSection(ProjectConfigurationPlatforms) = postSolution
		{113983EC-DC22-41E0-A447-37703660B914}.Debug|Any CPU.ActiveCfg = Debug|Any CPU
		{113983EC-DC22-41E0-A447-37703660B914}.Debug|Any CPU.Build.0 = Debug|Any CPU
		{113983EC-DC22-41E0-A447-37703660B914}.Release|Any CPU.ActiveCfg = Release|Any CPU
		{113983EC-DC22-41E0-A447-37703660B914}.Release|Any CPU.Build.0 = Release|Any CPU
		{D8C46D82-6628-4A92-8A3A-02ADD15E56E4}.Debug|Any CPU.ActiveCfg = Debug|Any CPU
		{D8C46D82-6628-4A92-8A3A-02ADD15E56E4}.Debug|Any CPU.Build.0 = Debug|Any CPU
		{D8C46D82-6628-4A92-8A3A-02ADD15E56E4}.Release|Any CPU.ActiveCfg = Release|Any CPU
		{D8C46D82-6628-4A92-8A3A-02ADD15E56E4}.Release|Any CPU.Build.0 = Release|Any CPU
		{17E9A3F3-4252-4414-ADFF-287524FD63DF}.Debug|Any CPU.ActiveCfg = Debug|Any CPU
		{17E9A3F3-4252-4414-ADFF-287524FD63DF}.Debug|Any CPU.Build.0 = Debug|Any CPU
		{17E9A3F3-4252-4414-ADFF-287524FD63DF}.Release|Any CPU.ActiveCfg = Release|Any CPU
		{17E9A3F3-4252-4414-ADFF-287524FD63DF}.Release|Any CPU.Build.0 = Release|Any CPU
	EndGlobalSection
	GlobalSection(SolutionProperties) = preSolution
		HideSolutionNode = FALSE
	EndGlobalSection
	GlobalSection(ExtensibilityGlobals) = postSolution
		SolutionGuid = {56BEFEA3-3278-430A-A52A-7B3438BA3BB6}
	EndGlobalSection
EndGlobal
